
Microsoft Visual Studio Solution File, Format Version 12.00
# Visual Studio 16
Project("{FAE04EC0-301F-11D3-BF4B-00C04F79EFBC}") = "Assembly-CSharp", "Assembly-CSharp.csproj", "{789AFE43-7457-7380-68FA-4D3891B70F6A}"
EndProject
Project("{FAE04EC0-301F-11D3-BF4B-00C04F79EFBC}") = "Assembly-CSharp-Editor", "Assembly-CSharp-Editor.csproj", "{4AEA4940-8252-E0C6-B70B-C8DCAF99791E}"
EndProject
Global
	GlobalSection(SolutionConfigurationPlatforms) = preSolution
		Debug|Any CPU = Debug|Any CPU
		Release|Any CPU = Release|Any CPU
	EndGlobalSection
	GlobalSection(ProjectConfigurationPlatforms) = postSolution
		{789AFE43-7457-7380-68FA-4D3891B70F6A}.Debug|Any CPU.ActiveCfg = Debug|Any CPU
		{789AFE43-7457-7380-68FA-4D3891B70F6A}.Debug|Any CPU.Build.0 = Debug|Any CPU
		{789AFE43-7457-7380-68FA-4D3891B70F6A}.Release|Any CPU.ActiveCfg = Release|Any CPU
		{789AFE43-7457-7380-68FA-4D3891B70F6A}.Release|Any CPU.Build.0 = Release|Any CPU
		{4AEA4940-8252-E0C6-B70B-C8DCAF99791E}.Debug|Any CPU.ActiveCfg = Debug|Any CPU
		{4AEA4940-8252-E0C6-B70B-C8DCAF99791E}.Debug|Any CPU.Build.0 = Debug|Any CPU
		{4AEA4940-8252-E0C6-B70B-C8DCAF99791E}.Release|Any CPU.ActiveCfg = Release|Any CPU
		{4AEA4940-8252-E0C6-B70B-C8DCAF99791E}.Release|Any CPU.Build.0 = Release|Any CPU
	EndGlobalSection
	GlobalSection(SolutionProperties) = preSolution
		HideSolutionNode = FALSE
	EndGlobalSection
EndGlobal
